// !$*UTF8*$!
{
	archiveVersion = 1;
	classes = {
	};
	objectVersion = 50;
	objects = {

/* Begin PBXBuildFile section */
		0956F39F21E9ACDE001A2742 /* AppDelegate.swift in Sources */ = {isa = PBXBuildFile; fileRef = 0956F39E21E9ACDE001A2742 /* AppDelegate.swift */; };
		0956F3A121E9ACDE001A2742 /* GameScene.sks in Resources */ = {isa = PBXBuildFile; fileRef = 0956F3A021E9ACDE001A2742 /* GameScene.sks */; };
		0956F3A321E9ACDE001A2742 /* Actions.sks in Resources */ = {isa = PBXBuildFile; fileRef = 0956F3A221E9ACDE001A2742 /* Actions.sks */; };
		0956F3A521E9ACDE001A2742 /* GameScene.swift in Sources */ = {isa = PBXBuildFile; fileRef = 0956F3A421E9ACDE001A2742 /* GameScene.swift */; };
		0956F3A721E9ACDE001A2742 /* GameViewController.swift in Sources */ = {isa = PBXBuildFile; fileRef = 0956F3A621E9ACDE001A2742 /* GameViewController.swift */; };
		0956F3AA21E9ACDE001A2742 /* Main.storyboard in Resources */ = {isa = PBXBuildFile; fileRef = 0956F3A821E9ACDE001A2742 /* Main.storyboard */; };
		0956F3AC21E9ACE0001A2742 /* Assets.xcassets in Resources */ = {isa = PBXBuildFile; fileRef = 0956F3AB21E9ACE0001A2742 /* Assets.xcassets */; };
		0956F3AF21E9ACE0001A2742 /* LaunchScreen.storyboard in Resources */ = {isa = PBXBuildFile; fileRef = 0956F3AD21E9ACE0001A2742 /* LaunchScreen.storyboard */; };
		0956F3B721EBF31C001A2742 /* Fruit.swift in Sources */ = {isa = PBXBuildFile; fileRef = 0956F3B621EBF31C001A2742 /* Fruit.swift */; };
		0956F3B921EBF5F9001A2742 /* helping functions.swift in Sources */ = {isa = PBXBuildFile; fileRef = 0956F3B821EBF5F9001A2742 /* helping functions.swift */; };
		09FFC5A621ED3A9900C440CA /* MyParticle.sks in Resources */ = {isa = PBXBuildFile; fileRef = 09FFC5A421ED3A9900C440CA /* MyParticle.sks */; };
		09FFC5A721ED3A9900C440CA /* Assets.xcassets in Resources */ = {isa = PBXBuildFile; fileRef = 09FFC5A521ED3A9900C440CA /* Assets.xcassets */; };
		09FFC5A921ED42BD00C440CA /* Line.swift in Sources */ = {isa = PBXBuildFile; fileRef = 09FFC5A821ED42BD00C440CA /* Line.swift */; };
		09FFC5AB21ED487500C440CA /* XMarks.swift in Sources */ = {isa = PBXBuildFile; fileRef = 09FFC5AA21ED487500C440CA /* XMarks.swift */; };
/* End PBXBuildFile section */

/* Begin PBXFileReference section */
		0956F39B21E9ACDE001A2742 /* GameDemoApp.app */ = {isa = PBXFileReference; explicitFileType = wrapper.application; includeInIndex = 0; path = GameDemoApp.app; sourceTree = BUILT_PRODUCTS_DIR; };
		0956F39E21E9ACDE001A2742 /* AppDelegate.swift */ = {isa = PBXFileReference; lastKnownFileType = sourcecode.swift; path = AppDelegate.swift; sourceTree = "<group>"; };
		0956F3A021E9ACDE001A2742 /* GameScene.sks */ = {isa = PBXFileReference; lastKnownFileType = file.sks; path = GameScene.sks; sourceTree = "<group>"; };
		0956F3A221E9ACDE001A2742 /* Actions.sks */ = {isa = PBXFileReference; lastKnownFileType = file.sks; path = Actions.sks; sourceTree = "<group>"; };
		0956F3A421E9ACDE001A2742 /* GameScene.swift */ = {isa = PBXFileReference; lastKnownFileType = sourcecode.swift; path = GameScene.swift; sourceTree = "<group>"; };
		0956F3A621E9ACDE001A2742 /* GameViewController.swift */ = {isa = PBXFileReference; lastKnownFileType = sourcecode.swift; path = GameViewController.swift; sourceTree = "<group>"; };
		0956F3A921E9ACDE001A2742 /* Base */ = {isa = PBXFileReference; lastKnownFileType = file.storyboard; name = Base; path = Base.lproj/Main.storyboard; sourceTree = "<group>"; };
		0956F3AB21E9ACE0001A2742 /* Assets.xcassets */ = {isa = PBXFileReference; lastKnownFileType = folder.assetcatalog; path = Assets.xcassets; sourceTree = "<group>"; };
		0956F3AE21E9ACE0001A2742 /* Base */ = {isa = PBXFileReference; lastKnownFileType = file.storyboard; name = Base; path = Base.lproj/LaunchScreen.storyboard; sourceTree = "<group>"; };
		0956F3B021E9ACE0001A2742 /* Info.plist */ = {isa = PBXFileReference; lastKnownFileType = text.plist.xml; path = Info.plist; sourceTree = "<group>"; };
		0956F3B621EBF31C001A2742 /* Fruit.swift */ = {isa = PBXFileReference; lastKnownFileType = sourcecode.swift; path = Fruit.swift; sourceTree = "<group>"; };
		0956F3B821EBF5F9001A2742 /* helping functions.swift */ = {isa = PBXFileReference; lastKnownFileType = sourcecode.swift; path = "helping functions.swift"; sourceTree = "<group>"; };
		09FFC5A421ED3A9900C440CA /* MyParticle.sks */ = {isa = PBXFileReference; lastKnownFileType = file.sks; path = MyParticle.sks; sourceTree = "<group>"; };
		09FFC5A521ED3A9900C440CA /* Assets.xcassets */ = {isa = PBXFileReference; lastKnownFileType = folder.assetcatalog; path = Assets.xcassets; sourceTree = "<group>"; };
		09FFC5A821ED42BD00C440CA /* Line.swift */ = {isa = PBXFileReference; lastKnownFileType = sourcecode.swift; path = Line.swift; sourceTree = "<group>"; };
		09FFC5AA21ED487500C440CA /* XMarks.swift */ = {isa = PBXFileReference; lastKnownFileType = sourcecode.swift; path = XMarks.swift; sourceTree = "<group>"; };
/* End PBXFileReference section */

/* Begin PBXFrameworksBuildPhase section */
		0956F39821E9ACDE001A2742 /* Frameworks */ = {
			isa = PBXFrameworksBuildPhase;
			buildActionMask = 2147483647;
			files = (
			);
			runOnlyForDeploymentPostprocessing = 0;
		};
/* End PBXFrameworksBuildPhase section */

/* Begin PBXGroup section */
		0956F39221E9ACDD001A2742 = {
			isa = PBXGroup;
			children = (
				09FFC5AA21ED487500C440CA /* XMarks.swift */,
				09FFC5A821ED42BD00C440CA /* Line.swift */,
				09FFC5A421ED3A9900C440CA /* MyParticle.sks */,
				09FFC5A521ED3A9900C440CA /* Assets.xcassets */,
				0956F39D21E9ACDE001A2742 /* GameDemoApp */,
				0956F39C21E9ACDE001A2742 /* Products */,
			);
			sourceTree = "<group>";
		};
		0956F39C21E9ACDE001A2742 /* Products */ = {
			isa = PBXGroup;
			children = (
				0956F39B21E9ACDE001A2742 /* GameDemoApp.app */,
			);
			name = Products;
			sourceTree = "<group>";
		};
		0956F39D21E9ACDE001A2742 /* GameDemoApp */ = {
			isa = PBXGroup;
			children = (
				0956F39E21E9ACDE001A2742 /* AppDelegate.swift */,
				0956F3A021E9ACDE001A2742 /* GameScene.sks */,
				0956F3A221E9ACDE001A2742 /* Actions.sks */,
				0956F3A421E9ACDE001A2742 /* GameScene.swift */,
				0956F3B621EBF31C001A2742 /* Fruit.swift */,
				0956F3B821EBF5F9001A2742 /* helping functions.swift */,
				0956F3A621E9ACDE001A2742 /* GameViewController.swift */,
				0956F3A821E9ACDE001A2742 /* Main.storyboard */,
				0956F3AB21E9ACE0001A2742 /* Assets.xcassets */,
				0956F3AD21E9ACE0001A2742 /* LaunchScreen.storyboard */,
				0956F3B021E9ACE0001A2742 /* Info.plist */,
			);
			path = GameDemoApp;
			sourceTree = "<group>";
		};
/* End PBXGroup section */

/* Begin PBXNativeTarget section */
		0956F39A21E9ACDE001A2742 /* GameDemoApp */ = {
			isa = PBXNativeTarget;
			buildConfigurationList = 0956F3B321E9ACE0001A2742 /* Build configuration list for PBXNativeTarget "GameDemoApp" */;
			buildPhases = (
				0956F39721E9ACDE001A2742 /* Sources */,
				0956F39821E9ACDE001A2742 /* Frameworks */,
				0956F39921E9ACDE001A2742 /* Resources */,
			);
			buildRules = (
			);
			dependencies = (
			);
			name = GameDemoApp;
			productName = GameDemoApp;
			productReference = 0956F39B21E9ACDE001A2742 /* GameDemoApp.app */;
			productType = "com.apple.product-type.application";
		};
/* End PBXNativeTarget section */

/* Begin PBXProject section */
		0956F39321E9ACDD001A2742 /* Project object */ = {
			isa = PBXProject;
			attributes = {
				LastSwiftUpdateCheck = 1010;
				LastUpgradeCheck = 1010;
				TargetAttributes = {
					0956F39A21E9ACDE001A2742 = {
						CreatedOnToolsVersion = 10.1;
					};
				};
			};
			buildConfigurationList = 0956F39621E9ACDE001A2742 /* Build configuration list for PBXProject "GameDemoApp" */;
			compatibilityVersion = "Xcode 9.3";
			developmentRegion = en;
			hasScannedForEncodings = 0;
			knownRegions = (
				en,
				Base,
			);
			mainGroup = 0956F39221E9ACDD001A2742;
			productRefGroup = 0956F39C21E9ACDE001A2742 /* Products */;
			projectDirPath = "";
			projectRoot = "";
			targets = (
				0956F39A21E9ACDE001A2742 /* GameDemoApp */,
			);
		};
/* End PBXProject section */

/* Begin PBXResourcesBuildPhase section */
		0956F39921E9ACDE001A2742 /* Resources */ = {
			isa = PBXResourcesBuildPhase;
			buildActionMask = 2147483647;
			files = (
				0956F3AA21E9ACDE001A2742 /* Main.storyboard in Resources */,
				09FFC5A621ED3A9900C440CA /* MyParticle.sks in Resources */,
				0956F3A121E9ACDE001A2742 /* GameScene.sks in Resources */,
				0956F3AC21E9ACE0001A2742 /* Assets.xcassets in Resources */,
				09FFC5A721ED3A9900C440CA /* Assets.xcassets in Resources */,
				0956F3AF21E9ACE0001A2742 /* LaunchScreen.storyboard in Resources */,
				0956F3A321E9ACDE001A2742 /* Actions.sks in Resources */,
			);
			runOnlyForDeploymentPostprocessing = 0;
		};
/* End PBXResourcesBuildPhase section */

/* Begin PBXSourcesBuildPhase section */
		0956F39721E9ACDE001A2742 /* Sources */ = {
			isa = PBXSourcesBuildPhase;
			buildActionMask = 2147483647;
			files = (
				0956F3B721EBF31C001A2742 /* Fruit.swift in Sources */,
				0956F3A521E9ACDE001A2742 /* GameScene.swift in Sources */,
				0956F3A721E9ACDE001A2742 /* GameViewController.swift in Sources */,
				09FFC5AB21ED487500C440CA /* XMarks.swift in Sources */,
				09FFC5A921ED42BD00C440CA /* Line.swift in Sources */,
				0956F39F21E9ACDE001A2742 /* AppDelegate.swift in Sources */,
				0956F3B921EBF5F9001A2742 /* helping functions.swift in Sources */,
			);
			runOnlyForDeploymentPostprocessing = 0;
		};
/* End PBXSourcesBuildPhase section */

/* Begin PBXVariantGroup section */
		0956F3A821E9ACDE001A2742 /* Main.storyboard */ = {
			isa = PBXVariantGroup;
			children = (
				0956F3A921E9ACDE001A2742 /* Base */,
			);
			name = Main.storyboard;
			sourceTree = "<group>";
		};
		0956F3AD21E9ACE0001A2742 /* LaunchScreen.storyboard */ = {
			isa = PBXVariantGroup;
			children = (
				0956F3AE21E9ACE0001A2742 /* Base */,
			);
			name = LaunchScreen.storyboard;
			sourceTree = "<group>";
		};
/* End PBXVariantGroup section */

/* Begin XCBuildConfiguration section */
		0956F3B121E9ACE0001A2742 /* Debug */ = {
			isa = XCBuildConfiguration;
			buildSettings = {
				ALWAYS_SEARCH_USER_PATHS = NO;
				CLANG_ANALYZER_NONNULL = YES;
				CLANG_ANALYZER_NUMBER_OBJECT_CONVERSION = YES_AGGRESSIVE;
				CLANG_CXX_LANGUAGE_STANDARD = "gnu++14";
				CLANG_CXX_LIBRARY = "libc++";
				CLANG_ENABLE_MODULES = YES;
				CLANG_ENABLE_OBJC_ARC = YES;
				CLANG_ENABLE_OBJC_WEAK = YES;
				CLANG_WARN_BLOCK_CAPTURE_AUTORELEASING = YES;
				CLANG_WARN_BOOL_CONVERSION = YES;
				CLANG_WARN_COMMA = YES;
				CLANG_WARN_CONSTANT_CONVERSION = YES;
				CLANG_WARN_DEPRECATED_OBJC_IMPLEMENTATIONS = YES;
				CLANG_WARN_DIRECT_OBJC_ISA_USAGE = YES_ERROR;
				CLANG_WARN_DOCUMENTATION_COMMENTS = YES;
				CLANG_WARN_EMPTY_BODY = YES;
				CLANG_WARN_ENUM_CONVERSION = YES;
				CLANG_WARN_INFINITE_RECURSION = YES;
				CLANG_WARN_INT_CONVERSION = YES;
				CLANG_WARN_NON_LITERAL_NULL_CONVERSION = YES;
				CLANG_WARN_OBJC_IMPLICIT_RETAIN_SELF = YES;
				CLANG_WARN_OBJC_LITERAL_CONVERSION = YES;
				CLANG_WARN_OBJC_ROOT_CLASS = YES_ERROR;
				CLANG_WARN_RANGE_LOOP_ANALYSIS = YES;
				CLANG_WARN_STRICT_PROTOTYPES = YES;
				CLANG_WARN_SUSPICIOUS_MOVE = YES;
				CLANG_WARN_UNGUARDED_AVAILABILITY = YES_AGGRESSIVE;
				CLANG_WARN_UNREACHABLE_CODE = YES;
				CLANG_WARN__DUPLICATE_METHOD_MATCH = YES;
				CODE_SIGN_IDENTITY = "iPhone Developer";
				COPY_PHASE_STRIP = NO;
				DEBUG_INFORMATION_FORMAT = dwarf;
				ENABLE_STRICT_OBJC_MSGSEND = YES;
				ENABLE_TESTABILITY = YES;
				GCC_C_LANGUAGE_STANDARD = gnu11;
				GCC_DYNAMIC_NO_PIC = NO;
				GCC_NO_COMMON_BLOCKS = YES;
				GCC_OPTIMIZATION_LEVEL = 0;
				GCC_PREPROCESSOR_DEFINITIONS = (
					"DEBUG=1",
					"$(inherited)",
				);
				GCC_WARN_64_TO_32_BIT_CONVERSION = YES;
				GCC_WARN_ABOUT_RETURN_TYPE = YES_ERROR;
				GCC_WARN_UNDECLARED_SELECTOR = YES;
				GCC_WARN_UNINITIALIZED_AUTOS = YES_AGGRESSIVE;
				GCC_WARN_UNUSED_FUNCTION = YES;
				GCC_WARN_UNUSED_VARIABLE = YES;
				IPHONEOS_DEPLOYMENT_TARGET = 12.1;
				MTL_ENABLE_DEBUG_INFO = INCLUDE_SOURCE;
				MTL_FAST_MATH = YES;
				ONLY_ACTIVE_ARCH = YES;
				SDKROOT = iphoneos;
				SWIFT_ACTIVE_COMPILATION_CONDITIONS = DEBUG;
				SWIFT_OPTIMIZATION_LEVEL = "-Onone";
			};
			name = Debug;
		};
		0956F3B221E9ACE0001A2742 /* Release */ = {
			isa = XCBuildConfiguration;
			buildSettings = {
				ALWAYS_SEARCH_USER_PATHS = NO;
				CLANG_ANALYZER_NONNULL = YES;
				CLANG_ANALYZER_NUMBER_OBJECT_CONVERSION = YES_AGGRESSIVE;
				CLANG_CXX_LANGUAGE_STANDARD = "gnu++14";
				CLANG_CXX_LIBRARY = "libc++";
				CLANG_ENABLE_MODULES = YES;
				CLANG_ENABLE_OBJC_ARC = YES;
				CLANG_ENABLE_OBJC_WEAK = YES;
				CLANG_WARN_BLOCK_CAPTURE_AUTORELEASING = YES;
				CLANG_WARN_BOOL_CONVERSION = YES;
				CLANG_WARN_COMMA = YES;
				CLANG_WARN_CONSTANT_CONVERSION = YES;
				CLANG_WARN_DEPRECATED_OBJC_IMPLEMENTATIONS = YES;
				CLANG_WARN_DIRECT_OBJC_ISA_USAGE = YES_ERROR;
				CLANG_WARN_DOCUMENTATION_COMMENTS = YES;
				CLANG_WARN_EMPTY_BODY = YES;
				CLANG_WARN_ENUM_CONVERSION = YES;
				CLANG_WARN_INFINITE_RECURSION = YES;
				CLANG_WARN_INT_CONVERSION = YES;
				CLANG_WARN_NON_LITERAL_NULL_CONVERSION = YES;
				CLANG_WARN_OBJC_IMPLICIT_RETAIN_SELF = YES;
				CLANG_WARN_OBJC_LITERAL_CONVERSION = YES;
				CLANG_WARN_OBJC_ROOT_CLASS = YES_ERROR;
				CLANG_WARN_RANGE_LOOP_ANALYSIS = YES;
				CLANG_WARN_STRICT_PROTOTYPES = YES;
				CLANG_WARN_SUSPICIOUS_MOVE = YES;
				CLANG_WARN_UNGUARDED_AVAILABILITY = YES_AGGRESSIVE;
				CLANG_WARN_UNREACHABLE_CODE = YES;
				CLANG_WARN__DUPLICATE_METHOD_MATCH = YES;
				CODE_SIGN_IDENTITY = "iPhone Developer";
				COPY_PHASE_STRIP = NO;
				DEBUG_INFORMATION_FORMAT = "dwarf-with-dsym";
				ENABLE_NS_ASSERTIONS = NO;
				ENABLE_STRICT_OBJC_MSGSEND = YES;
				GCC_C_LANGUAGE_STANDARD = gnu11;
				GCC_NO_COMMON_BLOCKS = YES;
				GCC_WARN_64_TO_32_BIT_CONVERSION = YES;
				GCC_WARN_ABOUT_RETURN_TYPE = YES_ERROR;
				GCC_WARN_UNDECLARED_SELECTOR = YES;
				GCC_WARN_UNINITIALIZED_AUTOS = YES_AGGRESSIVE;
				GCC_WARN_UNUSED_FUNCTION = YES;
				GCC_WARN_UNUSED_VARIABLE = YES;
				IPHONEOS_DEPLOYMENT_TARGET = 12.1;
				MTL_ENABLE_DEBUG_INFO = NO;
				MTL_FAST_MATH = YES;
				SDKROOT = iphoneos;
				SWIFT_COMPILATION_MODE = wholemodule;
				SWIFT_OPTIMIZATION_LEVEL = "-O";
				VALIDATE_PRODUCT = YES;
			};
			name = Release;
		};
		0956F3B421E9ACE0001A2742 /* Debug */ = {
			isa = XCBuildConfiguration;
			buildSettings = {
				ASSETCATALOG_COMPILER_APPICON_NAME = AppIcon;
				CODE_SIGN_STYLE = Automatic;
				DEVELOPMENT_TEAM = AVC7FB3M8N;
				INFOPLIST_FILE = GameDemoApp/Info.plist;
				LD_RUNPATH_SEARCH_PATHS = (
					"$(inherited)",
					"@executable_path/Frameworks",
				);
				PRODUCT_BUNDLE_IDENTIFIER = typesAndVariables.GameDemoApp;
				PRODUCT_NAME = "$(TARGET_NAME)";
				SWIFT_VERSION = 4.2;
				TARGETED_DEVICE_FAMILY = "1,2";
			};
			name = Debug;
		};
		0956F3B521E9ACE0001A2742 /* Release */ = {
			isa = XCBuildConfiguration;
			buildSettings = {
				ASSETCATALOG_COMPILER_APPICON_NAME = AppIcon;
				CODE_SIGN_STYLE = Automatic;
				DEVELOPMENT_TEAM = AVC7FB3M8N;
				INFOPLIST_FILE = GameDemoApp/Info.plist;
				LD_RUNPATH_SEARCH_PATHS = (
					"$(inherited)",
					"@executable_path/Frameworks",
				);
				PRODUCT_BUNDLE_IDENTIFIER = typesAndVariables.GameDemoApp;
				PRODUCT_NAME = "$(TARGET_NAME)";
				SWIFT_VERSION = 4.2;
				TARGETED_DEVICE_FAMILY = "1,2";
			};
			name = Release;
		};
/* End XCBuildConfiguration section */

/* Begin XCConfigurationList section */
		0956F39621E9ACDE001A2742 /* Build configuration list for PBXProject "GameDemoApp" */ = {
			isa = XCConfigurationList;
			buildConfigurations = (
				0956F3B121E9ACE0001A2742 /* Debug */,
				0956F3B221E9ACE0001A2742 /* Release */,
			);
			defaultConfigurationIsVisible = 0;
			defaultConfigurationName = Release;
		};
		0956F3B321E9ACE0001A2742 /* Build configuration list for PBXNativeTarget "GameDemoApp" */ = {
			isa = XCConfigurationList;
			buildConfigurations = (
				0956F3B421E9ACE0001A2742 /* Debug */,
				0956F3B521E9ACE0001A2742 /* Release */,
			);
			defaultConfigurationIsVisible = 0;
			defaultConfigurationName = Release;
		};
/* End XCConfigurationList section */
	};
	rootObject = 0956F39321E9ACDD001A2742 /* Project object */;
}
